
Microsoft Visual Studio Solution File, Format Version 12.00
# Visual Studio 15
VisualStudioVersion = 15.0.28010.2046
MinimumVisualStudioVersion = 10.0.40219.1
Project("{FAE04EC0-301F-11D3-BF4B-00C04F79EFBC}") = "Homework2_3", "Homework2_3\Homework2_3.csproj", "{6DAC271E-B250-4A67-952B-63997BED69BA}"
EndProject
Global
	GlobalSection(SolutionConfigurationPlatforms) = preSolution
		Debug|Any CPU = Debug|Any CPU
		Release|Any CPU = Release|Any CPU
	EndGlobalSection
	GlobalSection(ProjectConfigurationPlatforms) = postSolution
		{6DAC271E-B250-4A67-952B-63997BED69BA}.Debug|Any CPU.ActiveCfg = Debug|Any CPU
		{6DAC271E-B250-4A67-952B-63997BED69BA}.Debug|Any CPU.Build.0 = Debug|Any CPU
		{6DAC271E-B250-4A67-952B-63997BED69BA}.Release|Any CPU.ActiveCfg = Release|Any CPU
		{6DAC271E-B250-4A67-952B-63997BED69BA}.Release|Any CPU.Build.0 = Release|Any CPU
	EndGlobalSection
	GlobalSection(SolutionProperties) = preSolution
		HideSolutionNode = FALSE
	EndGlobalSection
	GlobalSection(ExtensibilityGlobals) = postSolution
		SolutionGuid = {4377D117-5F13-4EB4-91FF-3ED98440AD8E}
	EndGlobalSection
EndGlobal
